
Microsoft Visual Studio Solution File, Format Version 12.00
# Visual Studio Version 17
VisualStudioVersion = 17.9.34622.214
MinimumVisualStudioVersion = 10.0.40219.1
Project("{9A19103F-16F7-4668-BE54-9A1E7A4F7556}") = "Worksheet", "Worksheet.csproj", "{12926BBE-9AEC-4E6D-8F07-565E5D106BF6}"
EndProject
Global
	GlobalSection(SolutionConfigurationPlatforms) = preSolution
		Debug|Any CPU = Debug|Any CPU
		Release|Any CPU = Release|Any CPU
	EndGlobalSection
	GlobalSection(ProjectConfigurationPlatforms) = postSolution
		{12926BBE-9AEC-4E6D-8F07-565E5D106BF6}.Debug|Any CPU.ActiveCfg = Debug|Any CPU
		{12926BBE-9AEC-4E6D-8F07-565E5D106BF6}.Debug|Any CPU.Build.0 = Debug|Any CPU
		{12926BBE-9AEC-4E6D-8F07-565E5D106BF6}.Release|Any CPU.ActiveCfg = Release|Any CPU
		{12926BBE-9AEC-4E6D-8F07-565E5D106BF6}.Release|Any CPU.Build.0 = Release|Any CPU
	EndGlobalSection
	GlobalSection(SolutionProperties) = preSolution
		HideSolutionNode = FALSE
	EndGlobalSection
	GlobalSection(ExtensibilityGlobals) = postSolution
		SolutionGuid = {20EC062C-214F-4A61-AE10-E145B5A54EE6}
	EndGlobalSection
EndGlobal
